
Microsoft Visual Studio Solution File, Format Version 12.00
# Visual Studio 15
VisualStudioVersion = 15.0.28010.2026
MinimumVisualStudioVersion = 10.0.40219.1
Project("{FAE04EC0-301F-11D3-BF4B-00C04F79EFBC}") = "TestTravis", "TestTravis\TestTravis.csproj", "{CA2478F6-252D-4CAA-AF6F-36E89C7DC6C6}"
EndProject
Global
	GlobalSection(SolutionConfigurationPlatforms) = preSolution
		Debug|Any CPU = Debug|Any CPU
		Release|Any CPU = Release|Any CPU
	EndGlobalSection
	GlobalSection(ProjectConfigurationPlatforms) = postSolution
		{CA2478F6-252D-4CAA-AF6F-36E89C7DC6C6}.Debug|Any CPU.ActiveCfg = Debug|Any CPU
		{CA2478F6-252D-4CAA-AF6F-36E89C7DC6C6}.Debug|Any CPU.Build.0 = Debug|Any CPU
		{CA2478F6-252D-4CAA-AF6F-36E89C7DC6C6}.Release|Any CPU.ActiveCfg = Release|Any CPU
		{CA2478F6-252D-4CAA-AF6F-36E89C7DC6C6}.Release|Any CPU.Build.0 = Release|Any CPU
	EndGlobalSection
	GlobalSection(SolutionProperties) = preSolution
		HideSolutionNode = FALSE
	EndGlobalSection
	GlobalSection(ExtensibilityGlobals) = postSolution
		SolutionGuid = {D7F195D4-6DAA-40A6-AEEE-18E6AA1C2D63}
	EndGlobalSection
EndGlobal
